{
  "pins" : [
    {
      "identity" : "ability",
      "kind" : "remoteSourceControl",
      "location" : "https://github.com/miejoy/ability.git",
      "state" : {
        "branch" : "main",
        "revision" : "b7ebc43cc7bebc3cd0d8bcaf97de6438f3f1caa2"
      }
    },
    {
      "identity" : "auto-config",
      "kind" : "remoteSourceControl",
      "location" : "https://github.com/miejoy/auto-config.git",
      "state" : {
        "branch" : "main",
        "revision" : "8882b3d3f9ae8f5561a2cf29a49779697fe51879"
      }
    }
  ],
  "version" : 2
}
