{
  "originHash" : "86b4a3b6d6bca0915ae54f2d1608bd26ab08d87106edaccfc53e0543fcf1e6e0",
  "pins" : [
    {
      "identity" : "ability",
      "kind" : "remoteSourceControl",
      "location" : "https://github.com/miejoy/ability.git",
      "state" : {
        "branch" : "main",
        "revision" : "cb47586c6a6a00f59a211fca6bc9ebe784a0d6b7"
      }
    },
    {
      "identity" : "auto-config",
      "kind" : "remoteSourceControl",
      "location" : "https://github.com/miejoy/auto-config.git",
      "state" : {
        "branch" : "main",
        "revision" : "e410582ddbf079e0143178b68e1f5ee7fbd02d4d"
      }
    },
    {
      "identity" : "module-monitor",
      "kind" : "remoteSourceControl",
      "location" : "https://github.com/miejoy/module-monitor.git",
      "state" : {
        "branch" : "main",
        "revision" : "0603c5d1e9fe4918dfd5c96649d81d12a30525f9"
      }
    }
  ],
  "version" : 3
}
